
Microsoft Visual Studio Solution File, Format Version 12.00
# Visual Studio Version 16
VisualStudioVersion = 16.0.29806.167
MinimumVisualStudioVersion = 10.0.40219.1
Project("{FAE04EC0-301F-11D3-BF4B-00C04F79EFBC}") = "StaticMethods", "StaticMethods\StaticMethods.csproj", "{E7746DC9-C54B-48A3-825D-C50E3491EA34}"
EndProject
Global
	GlobalSection(SolutionConfigurationPlatforms) = preSolution
		Debug|Any CPU = Debug|Any CPU
		Release|Any CPU = Release|Any CPU
	EndGlobalSection
	GlobalSection(ProjectConfigurationPlatforms) = postSolution
		{E7746DC9-C54B-48A3-825D-C50E3491EA34}.Debug|Any CPU.ActiveCfg = Debug|Any CPU
		{E7746DC9-C54B-48A3-825D-C50E3491EA34}.Debug|Any CPU.Build.0 = Debug|Any CPU
		{E7746DC9-C54B-48A3-825D-C50E3491EA34}.Release|Any CPU.ActiveCfg = Release|Any CPU
		{E7746DC9-C54B-48A3-825D-C50E3491EA34}.Release|Any CPU.Build.0 = Release|Any CPU
	EndGlobalSection
	GlobalSection(SolutionProperties) = preSolution
		HideSolutionNode = FALSE
	EndGlobalSection
	GlobalSection(ExtensibilityGlobals) = postSolution
		SolutionGuid = {83E60755-FBCB-419C-9BBD-6C17E001EF8E}
	EndGlobalSection
EndGlobal
